PODS:
  - CocoaAsyncSocket (7.6.1)
  - SocketRocket (0.5.1)

DEPENDENCIES:
  - CocoaAsyncSocket (~> 7.6.1)
  - SocketRocket

SPEC CHECKSUMS:
  CocoaAsyncSocket: 7eadd3f59e1a6c84e2aefc93e9ff7b55156fe174
  SocketRocket: d57c7159b83c3c6655745cd15302aa24b6bae531

PODFILE CHECKSUM: db9b16f754bc0afae536dc896ea324539e1b0764

COCOAPODS: 1.3.1
