// !$*UTF8*$!
{
	archiveVersion = 1;
	classes = {
	};
	objectVersion = 48;
	objects = {

/* Begin PBXBuildFile section */
		183CDB416CBC6BF3CF20A073 /* Pods_IM.framework in Frameworks */ = {isa = PBXBuildFile; fileRef = DB08058CB891BDC043D0111A /* Pods_IM.framework */; };
		18A855931FE257E7005F6C89 /* test.js in Resources */ = {isa = PBXBuildFile; fileRef = 18A855921FE257E7005F6C89 /* test.js */; };
		18B9E0E21FECB2D700816FC1 /* FayeClient.swift in Sources */ = {isa = PBXBuildFile; fileRef = 18B9E0E11FECB2D700816FC1 /* FayeClient.swift */; };
		18C8CE4F1FDF74AD009E2895 /* AppDelegate.swift in Sources */ = {isa = PBXBuildFile; fileRef = 18C8CE4E1FDF74AD009E2895 /* AppDelegate.swift */; };
		18C8CE511FDF74AD009E2895 /* ViewController.swift in Sources */ = {isa = PBXBuildFile; fileRef = 18C8CE501FDF74AD009E2895 /* ViewController.swift */; };
		18C8CE541FDF74AD009E2895 /* Main.storyboard in Resources */ = {isa = PBXBuildFile; fileRef = 18C8CE521FDF74AD009E2895 /* Main.storyboard */; };
		18C8CE561FDF74AD009E2895 /* Assets.xcassets in Resources */ = {isa = PBXBuildFile; fileRef = 18C8CE551FDF74AD009E2895 /* Assets.xcassets */; };
		18C8CE591FDF74AD009E2895 /* LaunchScreen.storyboard in Resources */ = {isa = PBXBuildFile; fileRef = 18C8CE571FDF74AD009E2895 /* LaunchScreen.storyboard */; };
		18C8CE641FDF74AE009E2895 /* IMTests.swift in Sources */ = {isa = PBXBuildFile; fileRef = 18C8CE631FDF74AE009E2895 /* IMTests.swift */; };
		18C8CE711FDF76B2009E2895 /* PNSocketManager.swift in Sources */ = {isa = PBXBuildFile; fileRef = 18C8CE701FDF76B2009E2895 /* PNSocketManager.swift */; };
		18C8CE751FDF845B009E2895 /* NPSocketManager.m in Sources */ = {isa = PBXBuildFile; fileRef = 18C8CE741FDF845B009E2895 /* NPSocketManager.m */; };
		40AE336E82D5165EC60534C4 /* Pods_IMTests.framework in Frameworks */ = {isa = PBXBuildFile; fileRef = C7F1655320173C40109D2143 /* Pods_IMTests.framework */; };
/* End PBXBuildFile section */

/* Begin PBXContainerItemProxy section */
		18C8CE601FDF74AE009E2895 /* PBXContainerItemProxy */ = {
			isa = PBXContainerItemProxy;
			containerPortal = 18C8CE431FDF74AD009E2895 /* Project object */;
			proxyType = 1;
			remoteGlobalIDString = 18C8CE4A1FDF74AD009E2895;
			remoteInfo = IM;
		};
/* End PBXContainerItemProxy section */

/* Begin PBXFileReference section */
		18A855921FE257E7005F6C89 /* test.js */ = {isa = PBXFileReference; lastKnownFileType = sourcecode.javascript; path = test.js; sourceTree = "<group>"; };
		18B9E0E11FECB2D700816FC1 /* FayeClient.swift */ = {isa = PBXFileReference; lastKnownFileType = sourcecode.swift; path = FayeClient.swift; sourceTree = "<group>"; };
		18C8CE4B1FDF74AD009E2895 /* IM.app */ = {isa = PBXFileReference; explicitFileType = wrapper.application; includeInIndex = 0; path = IM.app; sourceTree = BUILT_PRODUCTS_DIR; };
		18C8CE4E1FDF74AD009E2895 /* AppDelegate.swift */ = {isa = PBXFileReference; lastKnownFileType = sourcecode.swift; path = AppDelegate.swift; sourceTree = "<group>"; };
		18C8CE501FDF74AD009E2895 /* ViewController.swift */ = {isa = PBXFileReference; lastKnownFileType = sourcecode.swift; path = ViewController.swift; sourceTree = "<group>"; };
		18C8CE531FDF74AD009E2895 /* Base */ = {isa = PBXFileReference; lastKnownFileType = file.storyboard; name = Base; path = Base.lproj/Main.storyboard; sourceTree = "<group>"; };
		18C8CE551FDF74AD009E2895 /* Assets.xcassets */ = {isa = PBXFileReference; lastKnownFileType = folder.assetcatalog; path = Assets.xcassets; sourceTree = "<group>"; };
		18C8CE581FDF74AD009E2895 /* Base */ = {isa = PBXFileReference; lastKnownFileType = file.storyboard; name = Base; path = Base.lproj/LaunchScreen.storyboard; sourceTree = "<group>"; };
		18C8CE5A1FDF74AD009E2895 /* Info.plist */ = {isa = PBXFileReference; lastKnownFileType = text.plist.xml; path = Info.plist; sourceTree = "<group>"; };
		18C8CE5F1FDF74AE009E2895 /* IMTests.xctest */ = {isa = PBXFileReference; explicitFileType = wrapper.cfbundle; includeInIndex = 0; path = IMTests.xctest; sourceTree = BUILT_PRODUCTS_DIR; };
		18C8CE631FDF74AE009E2895 /* IMTests.swift */ = {isa = PBXFileReference; lastKnownFileType = sourcecode.swift; path = IMTests.swift; sourceTree = "<group>"; };
		18C8CE651FDF74AE009E2895 /* Info.plist */ = {isa = PBXFileReference; lastKnownFileType = text.plist.xml; path = Info.plist; sourceTree = "<group>"; };
		18C8CE701FDF76B2009E2895 /* PNSocketManager.swift */ = {isa = PBXFileReference; lastKnownFileType = sourcecode.swift; path = PNSocketManager.swift; sourceTree = "<group>"; };
		18C8CE721FDF845B009E2895 /* IM-Bridging-Header.h */ = {isa = PBXFileReference; lastKnownFileType = sourcecode.c.h; path = "IM-Bridging-Header.h"; sourceTree = "<group>"; };
		18C8CE731FDF845B009E2895 /* NPSocketManager.h */ = {isa = PBXFileReference; lastKnownFileType = sourcecode.c.h; path = NPSocketManager.h; sourceTree = "<group>"; };
		18C8CE741FDF845B009E2895 /* NPSocketManager.m */ = {isa = PBXFileReference; lastKnownFileType = sourcecode.c.objc; path = NPSocketManager.m; sourceTree = "<group>"; };
		860C02E0DA575AA959A134A3 /* Pods-IMTests.release.xcconfig */ = {isa = PBXFileReference; includeInIndex = 1; lastKnownFileType = text.xcconfig; name = "Pods-IMTests.release.xcconfig"; path = "Pods/Target Support Files/Pods-IMTests/Pods-IMTests.release.xcconfig"; sourceTree = "<group>"; };
		87D482CBC606DA1938A569EE /* Pods-IM.debug.xcconfig */ = {isa = PBXFileReference; includeInIndex = 1; lastKnownFileType = text.xcconfig; name = "Pods-IM.debug.xcconfig"; path = "Pods/Target Support Files/Pods-IM/Pods-IM.debug.xcconfig"; sourceTree = "<group>"; };
		B7D35BDF71A8A3845D19604D /* Pods-IM.release.xcconfig */ = {isa = PBXFileReference; includeInIndex = 1; lastKnownFileType = text.xcconfig; name = "Pods-IM.release.xcconfig"; path = "Pods/Target Support Files/Pods-IM/Pods-IM.release.xcconfig"; sourceTree = "<group>"; };
		C7F1655320173C40109D2143 /* Pods_IMTests.framework */ = {isa = PBXFileReference; explicitFileType = wrapper.framework; includeInIndex = 0; path = Pods_IMTests.framework; sourceTree = BUILT_PRODUCTS_DIR; };
		C8001B3E2B5B57BCEEB098BA /* Pods-IMTests.debug.xcconfig */ = {isa = PBXFileReference; includeInIndex = 1; lastKnownFileType = text.xcconfig; name = "Pods-IMTests.debug.xcconfig"; path = "Pods/Target Support Files/Pods-IMTests/Pods-IMTests.debug.xcconfig"; sourceTree = "<group>"; };
		DB08058CB891BDC043D0111A /* Pods_IM.framework */ = {isa = PBXFileReference; explicitFileType = wrapper.framework; includeInIndex = 0; path = Pods_IM.framework; sourceTree = BUILT_PRODUCTS_DIR; };
/* End PBXFileReference section */

/* Begin PBXFrameworksBuildPhase section */
		18C8CE481FDF74AD009E2895 /* Frameworks */ = {
			isa = PBXFrameworksBuildPhase;
			buildActionMask = 2147483647;
			files = (
				183CDB416CBC6BF3CF20A073 /* Pods_IM.framework in Frameworks */,
			);
			runOnlyForDeploymentPostprocessing = 0;
		};
		18C8CE5C1FDF74AE009E2895 /* Frameworks */ = {
			isa = PBXFrameworksBuildPhase;
			buildActionMask = 2147483647;
			files = (
				40AE336E82D5165EC60534C4 /* Pods_IMTests.framework in Frameworks */,
			);
			runOnlyForDeploymentPostprocessing = 0;
		};
/* End PBXFrameworksBuildPhase section */

/* Begin PBXGroup section */
		097E5B1BD4529CFAA3D33424 /* Frameworks */ = {
			isa = PBXGroup;
			children = (
				DB08058CB891BDC043D0111A /* Pods_IM.framework */,
				C7F1655320173C40109D2143 /* Pods_IMTests.framework */,
			);
			name = Frameworks;
			sourceTree = "<group>";
		};
		18C8CE421FDF74AD009E2895 = {
			isa = PBXGroup;
			children = (
				18C8CE4D1FDF74AD009E2895 /* IM */,
				18C8CE621FDF74AE009E2895 /* IMTests */,
				18C8CE4C1FDF74AD009E2895 /* Products */,
				43BC394EDD331C13EA1977E6 /* Pods */,
				097E5B1BD4529CFAA3D33424 /* Frameworks */,
			);
			sourceTree = "<group>";
		};
		18C8CE4C1FDF74AD009E2895 /* Products */ = {
			isa = PBXGroup;
			children = (
				18C8CE4B1FDF74AD009E2895 /* IM.app */,
				18C8CE5F1FDF74AE009E2895 /* IMTests.xctest */,
			);
			name = Products;
			sourceTree = "<group>";
		};
		18C8CE4D1FDF74AD009E2895 /* IM */ = {
			isa = PBXGroup;
			children = (
				18C8CE6F1FDF767B009E2895 /* TYHSocketManager */,
				18C8CE4E1FDF74AD009E2895 /* AppDelegate.swift */,
				18C8CE501FDF74AD009E2895 /* ViewController.swift */,
				18B9E0E11FECB2D700816FC1 /* FayeClient.swift */,
				18A855921FE257E7005F6C89 /* test.js */,
				18C8CE521FDF74AD009E2895 /* Main.storyboard */,
				18C8CE551FDF74AD009E2895 /* Assets.xcassets */,
				18C8CE571FDF74AD009E2895 /* LaunchScreen.storyboard */,
				18C8CE5A1FDF74AD009E2895 /* Info.plist */,
			);
			path = IM;
			sourceTree = "<group>";
		};
		18C8CE621FDF74AE009E2895 /* IMTests */ = {
			isa = PBXGroup;
			children = (
				18C8CE631FDF74AE009E2895 /* IMTests.swift */,
				18C8CE651FDF74AE009E2895 /* Info.plist */,
			);
			path = IMTests;
			sourceTree = "<group>";
		};
		18C8CE6F1FDF767B009E2895 /* TYHSocketManager */ = {
			isa = PBXGroup;
			children = (
				18C8CE701FDF76B2009E2895 /* PNSocketManager.swift */,
				18C8CE731FDF845B009E2895 /* NPSocketManager.h */,
				18C8CE741FDF845B009E2895 /* NPSocketManager.m */,
				18C8CE721FDF845B009E2895 /* IM-Bridging-Header.h */,
			);
			name = TYHSocketManager;
			sourceTree = "<group>";
		};
		43BC394EDD331C13EA1977E6 /* Pods */ = {
			isa = PBXGroup;
			children = (
				87D482CBC606DA1938A569EE /* Pods-IM.debug.xcconfig */,
				B7D35BDF71A8A3845D19604D /* Pods-IM.release.xcconfig */,
				C8001B3E2B5B57BCEEB098BA /* Pods-IMTests.debug.xcconfig */,
				860C02E0DA575AA959A134A3 /* Pods-IMTests.release.xcconfig */,
			);
			name = Pods;
			sourceTree = "<group>";
		};
/* End PBXGroup section */

/* Begin PBXNativeTarget section */
		18C8CE4A1FDF74AD009E2895 /* IM */ = {
			isa = PBXNativeTarget;
			buildConfigurationList = 18C8CE681FDF74AE009E2895 /* Build configuration list for PBXNativeTarget "IM" */;
			buildPhases = (
				C808393B1D79619135BF7525 /* [CP] Check Pods Manifest.lock */,
				18C8CE471FDF74AD009E2895 /* Sources */,
				18C8CE481FDF74AD009E2895 /* Frameworks */,
				18C8CE491FDF74AD009E2895 /* Resources */,
				887CE4289B493468666D8913 /* [CP] Embed Pods Frameworks */,
				298BB83701D415C2DBA7C5A4 /* [CP] Copy Pods Resources */,
			);
			buildRules = (
			);
			dependencies = (
			);
			name = IM;
			productName = IM;
			productReference = 18C8CE4B1FDF74AD009E2895 /* IM.app */;
			productType = "com.apple.product-type.application";
		};
		18C8CE5E1FDF74AE009E2895 /* IMTests */ = {
			isa = PBXNativeTarget;
			buildConfigurationList = 18C8CE6B1FDF74AE009E2895 /* Build configuration list for PBXNativeTarget "IMTests" */;
			buildPhases = (
				5D4F979EEB41EDCCF4B01BA7 /* [CP] Check Pods Manifest.lock */,
				18C8CE5B1FDF74AE009E2895 /* Sources */,
				18C8CE5C1FDF74AE009E2895 /* Frameworks */,
				18C8CE5D1FDF74AE009E2895 /* Resources */,
				465CF16D8880BAF4D72EE71E /* [CP] Embed Pods Frameworks */,
				A04F2CC6AD7C2638E592A65D /* [CP] Copy Pods Resources */,
			);
			buildRules = (
			);
			dependencies = (
				18C8CE611FDF74AE009E2895 /* PBXTargetDependency */,
			);
			name = IMTests;
			productName = IMTests;
			productReference = 18C8CE5F1FDF74AE009E2895 /* IMTests.xctest */;
			productType = "com.apple.product-type.bundle.unit-test";
		};
/* End PBXNativeTarget section */

/* Begin PBXProject section */
		18C8CE431FDF74AD009E2895 /* Project object */ = {
			isa = PBXProject;
			attributes = {
				LastSwiftUpdateCheck = 0920;
				LastUpgradeCheck = 0920;
				ORGANIZATIONNAME = Pszertlek;
				TargetAttributes = {
					18C8CE4A1FDF74AD009E2895 = {
						CreatedOnToolsVersion = 9.2;
						LastSwiftMigration = 0920;
						ProvisioningStyle = Automatic;
					};
					18C8CE5E1FDF74AE009E2895 = {
						CreatedOnToolsVersion = 9.2;
						ProvisioningStyle = Automatic;
						TestTargetID = 18C8CE4A1FDF74AD009E2895;
					};
				};
			};
			buildConfigurationList = 18C8CE461FDF74AD009E2895 /* Build configuration list for PBXProject "IM" */;
			compatibilityVersion = "Xcode 8.0";
			developmentRegion = en;
			hasScannedForEncodings = 0;
			knownRegions = (
				en,
				Base,
			);
			mainGroup = 18C8CE421FDF74AD009E2895;
			productRefGroup = 18C8CE4C1FDF74AD009E2895 /* Products */;
			projectDirPath = "";
			projectRoot = "";
			targets = (
				18C8CE4A1FDF74AD009E2895 /* IM */,
				18C8CE5E1FDF74AE009E2895 /* IMTests */,
			);
		};
/* End PBXProject section */

/* Begin PBXResourcesBuildPhase section */
		18C8CE491FDF74AD009E2895 /* Resources */ = {
			isa = PBXResourcesBuildPhase;
			buildActionMask = 2147483647;
			files = (
				18C8CE591FDF74AD009E2895 /* LaunchScreen.storyboard in Resources */,
				18C8CE561FDF74AD009E2895 /* Assets.xcassets in Resources */,
				18A855931FE257E7005F6C89 /* test.js in Resources */,
				18C8CE541FDF74AD009E2895 /* Main.storyboard in Resources */,
			);
			runOnlyForDeploymentPostprocessing = 0;
		};
		18C8CE5D1FDF74AE009E2895 /* Resources */ = {
			isa = PBXResourcesBuildPhase;
			buildActionMask = 2147483647;
			files = (
			);
			runOnlyForDeploymentPostprocessing = 0;
		};
/* End PBXResourcesBuildPhase section */

/* Begin PBXShellScriptBuildPhase section */
		298BB83701D415C2DBA7C5A4 /* [CP] Copy Pods Resources */ = {
			isa = PBXShellScriptBuildPhase;
			buildActionMask = 2147483647;
			files = (
			);
			inputPaths = (
			);
			name = "[CP] Copy Pods Resources";
			outputPaths = (
			);
			runOnlyForDeploymentPostprocessing = 0;
			shellPath = /bin/sh;
			shellScript = "\"${SRCROOT}/Pods/Target Support Files/Pods-IM/Pods-IM-resources.sh\"\n";
			showEnvVarsInLog = 0;
		};
		465CF16D8880BAF4D72EE71E /* [CP] Embed Pods Frameworks */ = {
			isa = PBXShellScriptBuildPhase;
			buildActionMask = 2147483647;
			files = (
			);
			inputPaths = (
			);
			name = "[CP] Embed Pods Frameworks";
			outputPaths = (
			);
			runOnlyForDeploymentPostprocessing = 0;
			shellPath = /bin/sh;
			shellScript = "\"${SRCROOT}/Pods/Target Support Files/Pods-IMTests/Pods-IMTests-frameworks.sh\"\n";
			showEnvVarsInLog = 0;
		};
		5D4F979EEB41EDCCF4B01BA7 /* [CP] Check Pods Manifest.lock */ = {
			isa = PBXShellScriptBuildPhase;
			buildActionMask = 2147483647;
			files = (
			);
			inputPaths = (
				"${PODS_PODFILE_DIR_PATH}/Podfile.lock",
				"${PODS_ROOT}/Manifest.lock",
			);
			name = "[CP] Check Pods Manifest.lock";
			outputPaths = (
				"$(DERIVED_FILE_DIR)/Pods-IMTests-checkManifestLockResult.txt",
			);
			runOnlyForDeploymentPostprocessing = 0;
			shellPath = /bin/sh;
			shellScript = "diff \"${PODS_PODFILE_DIR_PATH}/Podfile.lock\" \"${PODS_ROOT}/Manifest.lock\" > /dev/null\nif [ $? != 0 ] ; then\n    # print error to STDERR\n    echo \"error: The sandbox is not in sync with the Podfile.lock. Run 'pod install' or update your CocoaPods installation.\" >&2\n    exit 1\nfi\n# This output is used by Xcode 'outputs' to avoid re-running this script phase.\necho \"SUCCESS\" > \"${SCRIPT_OUTPUT_FILE_0}\"\n";
			showEnvVarsInLog = 0;
		};
		887CE4289B493468666D8913 /* [CP] Embed Pods Frameworks */ = {
			isa = PBXShellScriptBuildPhase;
			buildActionMask = 2147483647;
			files = (
			);
			inputPaths = (
				"${SRCROOT}/Pods/Target Support Files/Pods-IM/Pods-IM-frameworks.sh",
				"${BUILT_PRODUCTS_DIR}/CocoaAsyncSocket/CocoaAsyncSocket.framework",
				"${BUILT_PRODUCTS_DIR}/SocketRocket/SocketRocket.framework",
			);
			name = "[CP] Embed Pods Frameworks";
			outputPaths = (
				"${TARGET_BUILD_DIR}/${FRAMEWORKS_FOLDER_PATH}/CocoaAsyncSocket.framework",
				"${TARGET_BUILD_DIR}/${FRAMEWORKS_FOLDER_PATH}/SocketRocket.framework",
			);
			runOnlyForDeploymentPostprocessing = 0;
			shellPath = /bin/sh;
			shellScript = "\"${SRCROOT}/Pods/Target Support Files/Pods-IM/Pods-IM-frameworks.sh\"\n";
			showEnvVarsInLog = 0;
		};
		A04F2CC6AD7C2638E592A65D /* [CP] Copy Pods Resources */ = {
			isa = PBXShellScriptBuildPhase;
			buildActionMask = 2147483647;
			files = (
			);
			inputPaths = (
			);
			name = "[CP] Copy Pods Resources";
			outputPaths = (
			);
			runOnlyForDeploymentPostprocessing = 0;
			shellPath = /bin/sh;
			shellScript = "\"${SRCROOT}/Pods/Target Support Files/Pods-IMTests/Pods-IMTests-resources.sh\"\n";
			showEnvVarsInLog = 0;
		};
		C808393B1D79619135BF7525 /* [CP] Check Pods Manifest.lock */ = {
			isa = PBXShellScriptBuildPhase;
			buildActionMask = 2147483647;
			files = (
			);
			inputPaths = (
				"${PODS_PODFILE_DIR_PATH}/Podfile.lock",
				"${PODS_ROOT}/Manifest.lock",
			);
			name = "[CP] Check Pods Manifest.lock";
			outputPaths = (
				"$(DERIVED_FILE_DIR)/Pods-IM-checkManifestLockResult.txt",
			);
			runOnlyForDeploymentPostprocessing = 0;
			shellPath = /bin/sh;
			shellScript = "diff \"${PODS_PODFILE_DIR_PATH}/Podfile.lock\" \"${PODS_ROOT}/Manifest.lock\" > /dev/null\nif [ $? != 0 ] ; then\n    # print error to STDERR\n    echo \"error: The sandbox is not in sync with the Podfile.lock. Run 'pod install' or update your CocoaPods installation.\" >&2\n    exit 1\nfi\n# This output is used by Xcode 'outputs' to avoid re-running this script phase.\necho \"SUCCESS\" > \"${SCRIPT_OUTPUT_FILE_0}\"\n";
			showEnvVarsInLog = 0;
		};
/* End PBXShellScriptBuildPhase section */

/* Begin PBXSourcesBuildPhase section */
		18C8CE471FDF74AD009E2895 /* Sources */ = {
			isa = PBXSourcesBuildPhase;
			buildActionMask = 2147483647;
			files = (
				18C8CE511FDF74AD009E2895 /* ViewController.swift in Sources */,
				18C8CE711FDF76B2009E2895 /* PNSocketManager.swift in Sources */,
				18C8CE751FDF845B009E2895 /* NPSocketManager.m in Sources */,
				18B9E0E21FECB2D700816FC1 /* FayeClient.swift in Sources */,
				18C8CE4F1FDF74AD009E2895 /* AppDelegate.swift in Sources */,
			);
			runOnlyForDeploymentPostprocessing = 0;
		};
		18C8CE5B1FDF74AE009E2895 /* Sources */ = {
			isa = PBXSourcesBuildPhase;
			buildActionMask = 2147483647;
			files = (
				18C8CE641FDF74AE009E2895 /* IMTests.swift in Sources */,
			);
			runOnlyForDeploymentPostprocessing = 0;
		};
/* End PBXSourcesBuildPhase section */

/* Begin PBXTargetDependency section */
		18C8CE611FDF74AE009E2895 /* PBXTargetDependency */ = {
			isa = PBXTargetDependency;
			target = 18C8CE4A1FDF74AD009E2895 /* IM */;
			targetProxy = 18C8CE601FDF74AE009E2895 /* PBXContainerItemProxy */;
		};
/* End PBXTargetDependency section */

/* Begin PBXVariantGroup section */
		18C8CE521FDF74AD009E2895 /* Main.storyboard */ = {
			isa = PBXVariantGroup;
			children = (
				18C8CE531FDF74AD009E2895 /* Base */,
			);
			name = Main.storyboard;
			sourceTree = "<group>";
		};
		18C8CE571FDF74AD009E2895 /* LaunchScreen.storyboard */ = {
			isa = PBXVariantGroup;
			children = (
				18C8CE581FDF74AD009E2895 /* Base */,
			);
			name = LaunchScreen.storyboard;
			sourceTree = "<group>";
		};
/* End PBXVariantGroup section */

/* Begin XCBuildConfiguration section */
		18C8CE661FDF74AE009E2895 /* Debug */ = {
			isa = XCBuildConfiguration;
			buildSettings = {
				ALWAYS_SEARCH_USER_PATHS = NO;
				CLANG_ANALYZER_NONNULL = YES;
				CLANG_ANALYZER_NUMBER_OBJECT_CONVERSION = YES_AGGRESSIVE;
				CLANG_CXX_LANGUAGE_STANDARD = "gnu++14";
				CLANG_CXX_LIBRARY = "libc++";
				CLANG_ENABLE_MODULES = YES;
				CLANG_ENABLE_OBJC_ARC = YES;
				CLANG_WARN_BLOCK_CAPTURE_AUTORELEASING = YES;
				CLANG_WARN_BOOL_CONVERSION = YES;
				CLANG_WARN_COMMA = YES;
				CLANG_WARN_CONSTANT_CONVERSION = YES;
				CLANG_WARN_DIRECT_OBJC_ISA_USAGE = YES_ERROR;
				CLANG_WARN_DOCUMENTATION_COMMENTS = YES;
				CLANG_WARN_EMPTY_BODY = YES;
				CLANG_WARN_ENUM_CONVERSION = YES;
				CLANG_WARN_INFINITE_RECURSION = YES;
				CLANG_WARN_INT_CONVERSION = YES;
				CLANG_WARN_NON_LITERAL_NULL_CONVERSION = YES;
				CLANG_WARN_OBJC_LITERAL_CONVERSION = YES;
				CLANG_WARN_OBJC_ROOT_CLASS = YES_ERROR;
				CLANG_WARN_RANGE_LOOP_ANALYSIS = YES;
				CLANG_WARN_STRICT_PROTOTYPES = YES;
				CLANG_WARN_SUSPICIOUS_MOVE = YES;
				CLANG_WARN_UNGUARDED_AVAILABILITY = YES_AGGRESSIVE;
				CLANG_WARN_UNREACHABLE_CODE = YES;
				CLANG_WARN__DUPLICATE_METHOD_MATCH = YES;
				CODE_SIGN_IDENTITY = "iPhone Developer";
				COPY_PHASE_STRIP = NO;
				DEBUG_INFORMATION_FORMAT = dwarf;
				ENABLE_STRICT_OBJC_MSGSEND = YES;
				ENABLE_TESTABILITY = YES;
				GCC_C_LANGUAGE_STANDARD = gnu11;
				GCC_DYNAMIC_NO_PIC = NO;
				GCC_NO_COMMON_BLOCKS = YES;
				GCC_OPTIMIZATION_LEVEL = 0;
				GCC_PREPROCESSOR_DEFINITIONS = (
					"DEBUG=1",
					"$(inherited)",
				);
				GCC_WARN_64_TO_32_BIT_CONVERSION = YES;
				GCC_WARN_ABOUT_RETURN_TYPE = YES_ERROR;
				GCC_WARN_UNDECLARED_SELECTOR = YES;
				GCC_WARN_UNINITIALIZED_AUTOS = YES_AGGRESSIVE;
				GCC_WARN_UNUSED_FUNCTION = YES;
				GCC_WARN_UNUSED_VARIABLE = YES;
				IPHONEOS_DEPLOYMENT_TARGET = 11.2;
				MTL_ENABLE_DEBUG_INFO = YES;
				ONLY_ACTIVE_ARCH = YES;
				SDKROOT = iphoneos;
				SWIFT_ACTIVE_COMPILATION_CONDITIONS = DEBUG;
				SWIFT_OPTIMIZATION_LEVEL = "-Onone";
			};
			name = Debug;
		};
		18C8CE671FDF74AE009E2895 /* Release */ = {
			isa = XCBuildConfiguration;
			buildSettings = {
				ALWAYS_SEARCH_USER_PATHS = NO;
				CLANG_ANALYZER_NONNULL = YES;
				CLANG_ANALYZER_NUMBER_OBJECT_CONVERSION = YES_AGGRESSIVE;
				CLANG_CXX_LANGUAGE_STANDARD = "gnu++14";
				CLANG_CXX_LIBRARY = "libc++";
				CLANG_ENABLE_MODULES = YES;
				CLANG_ENABLE_OBJC_ARC = YES;
				CLANG_WARN_BLOCK_CAPTURE_AUTORELEASING = YES;
				CLANG_WARN_BOOL_CONVERSION = YES;
				CLANG_WARN_COMMA = YES;
				CLANG_WARN_CONSTANT_CONVERSION = YES;
				CLANG_WARN_DIRECT_OBJC_ISA_USAGE = YES_ERROR;
				CLANG_WARN_DOCUMENTATION_COMMENTS = YES;
				CLANG_WARN_EMPTY_BODY = YES;
				CLANG_WARN_ENUM_CONVERSION = YES;
				CLANG_WARN_INFINITE_RECURSION = YES;
				CLANG_WARN_INT_CONVERSION = YES;
				CLANG_WARN_NON_LITERAL_NULL_CONVERSION = YES;
				CLANG_WARN_OBJC_LITERAL_CONVERSION = YES;
				CLANG_WARN_OBJC_ROOT_CLASS = YES_ERROR;
				CLANG_WARN_RANGE_LOOP_ANALYSIS = YES;
				CLANG_WARN_STRICT_PROTOTYPES = YES;
				CLANG_WARN_SUSPICIOUS_MOVE = YES;
				CLANG_WARN_UNGUARDED_AVAILABILITY = YES_AGGRESSIVE;
				CLANG_WARN_UNREACHABLE_CODE = YES;
				CLANG_WARN__DUPLICATE_METHOD_MATCH = YES;
				CODE_SIGN_IDENTITY = "iPhone Developer";
				COPY_PHASE_STRIP = NO;
				DEBUG_INFORMATION_FORMAT = "dwarf-with-dsym";
				ENABLE_NS_ASSERTIONS = NO;
				ENABLE_STRICT_OBJC_MSGSEND = YES;
				GCC_C_LANGUAGE_STANDARD = gnu11;
				GCC_NO_COMMON_BLOCKS = YES;
				GCC_WARN_64_TO_32_BIT_CONVERSION = YES;
				GCC_WARN_ABOUT_RETURN_TYPE = YES_ERROR;
				GCC_WARN_UNDECLARED_SELECTOR = YES;
				GCC_WARN_UNINITIALIZED_AUTOS = YES_AGGRESSIVE;
				GCC_WARN_UNUSED_FUNCTION = YES;
				GCC_WARN_UNUSED_VARIABLE = YES;
				IPHONEOS_DEPLOYMENT_TARGET = 11.2;
				MTL_ENABLE_DEBUG_INFO = NO;
				SDKROOT = iphoneos;
				SWIFT_OPTIMIZATION_LEVEL = "-Owholemodule";
				VALIDATE_PRODUCT = YES;
			};
			name = Release;
		};
		18C8CE691FDF74AE009E2895 /* Debug */ = {
			isa = XCBuildConfiguration;
			baseConfigurationReference = 87D482CBC606DA1938A569EE /* Pods-IM.debug.xcconfig */;
			buildSettings = {
				ASSETCATALOG_COMPILER_APPICON_NAME = AppIcon;
				CLANG_ENABLE_MODULES = YES;
				CODE_SIGN_STYLE = Automatic;
				DEVELOPMENT_TEAM = WEZ4TNATDY;
				INFOPLIST_FILE = IM/Info.plist;
				LD_RUNPATH_SEARCH_PATHS = "$(inherited) @executable_path/Frameworks";
				PRODUCT_BUNDLE_IDENTIFIER = pszertlek.IM;
				PRODUCT_NAME = "$(TARGET_NAME)";
				SWIFT_OBJC_BRIDGING_HEADER = "IM/IM-Bridging-Header.h";
				SWIFT_OPTIMIZATION_LEVEL = "-Onone";
				SWIFT_VERSION = 4.0;
				TARGETED_DEVICE_FAMILY = "1,2";
			};
			name = Debug;
		};
		18C8CE6A1FDF74AE009E2895 /* Release */ = {
			isa = XCBuildConfiguration;
			baseConfigurationReference = B7D35BDF71A8A3845D19604D /* Pods-IM.release.xcconfig */;
			buildSettings = {
				ASSETCATALOG_COMPILER_APPICON_NAME = AppIcon;
				CLANG_ENABLE_MODULES = YES;
				CODE_SIGN_STYLE = Automatic;
				DEVELOPMENT_TEAM = WEZ4TNATDY;
				INFOPLIST_FILE = IM/Info.plist;
				LD_RUNPATH_SEARCH_PATHS = "$(inherited) @executable_path/Frameworks";
				PRODUCT_BUNDLE_IDENTIFIER = pszertlek.IM;
				PRODUCT_NAME = "$(TARGET_NAME)";
				SWIFT_OBJC_BRIDGING_HEADER = "IM/IM-Bridging-Header.h";
				SWIFT_VERSION = 4.0;
				TARGETED_DEVICE_FAMILY = "1,2";
			};
			name = Release;
		};
		18C8CE6C1FDF74AE009E2895 /* Debug */ = {
			isa = XCBuildConfiguration;
			baseConfigurationReference = C8001B3E2B5B57BCEEB098BA /* Pods-IMTests.debug.xcconfig */;
			buildSettings = {
				ALWAYS_EMBED_SWIFT_STANDARD_LIBRARIES = YES;
				BUNDLE_LOADER = "$(TEST_HOST)";
				CODE_SIGN_STYLE = Automatic;
				DEVELOPMENT_TEAM = WEZ4TNATDY;
				INFOPLIST_FILE = IMTests/Info.plist;
				LD_RUNPATH_SEARCH_PATHS = "$(inherited) @executable_path/Frameworks @loader_path/Frameworks";
				PRODUCT_BUNDLE_IDENTIFIER = pszertlek.IMTests;
				PRODUCT_NAME = "$(TARGET_NAME)";
				SWIFT_VERSION = 4.0;
				TARGETED_DEVICE_FAMILY = "1,2";
				TEST_HOST = "$(BUILT_PRODUCTS_DIR)/IM.app/IM";
			};
			name = Debug;
		};
		18C8CE6D1FDF74AE009E2895 /* Release */ = {
			isa = XCBuildConfiguration;
			baseConfigurationReference = 860C02E0DA575AA959A134A3 /* Pods-IMTests.release.xcconfig */;
			buildSettings = {
				ALWAYS_EMBED_SWIFT_STANDARD_LIBRARIES = YES;
				BUNDLE_LOADER = "$(TEST_HOST)";
				CODE_SIGN_STYLE = Automatic;
				DEVELOPMENT_TEAM = WEZ4TNATDY;
				INFOPLIST_FILE = IMTests/Info.plist;
				LD_RUNPATH_SEARCH_PATHS = "$(inherited) @executable_path/Frameworks @loader_path/Frameworks";
				PRODUCT_BUNDLE_IDENTIFIER = pszertlek.IMTests;
				PRODUCT_NAME = "$(TARGET_NAME)";
				SWIFT_VERSION = 4.0;
				TARGETED_DEVICE_FAMILY = "1,2";
				TEST_HOST = "$(BUILT_PRODUCTS_DIR)/IM.app/IM";
			};
			name = Release;
		};
/* End XCBuildConfiguration section */

/* Begin XCConfigurationList section */
		18C8CE461FDF74AD009E2895 /* Build configuration list for PBXProject "IM" */ = {
			isa = XCConfigurationList;
			buildConfigurations = (
				18C8CE661FDF74AE009E2895 /* Debug */,
				18C8CE671FDF74AE009E2895 /* Release */,
			);
			defaultConfigurationIsVisible = 0;
			defaultConfigurationName = Release;
		};
		18C8CE681FDF74AE009E2895 /* Build configuration list for PBXNativeTarget "IM" */ = {
			isa = XCConfigurationList;
			buildConfigurations = (
				18C8CE691FDF74AE009E2895 /* Debug */,
				18C8CE6A1FDF74AE009E2895 /* Release */,
			);
			defaultConfigurationIsVisible = 0;
			defaultConfigurationName = Release;
		};
		18C8CE6B1FDF74AE009E2895 /* Build configuration list for PBXNativeTarget "IMTests" */ = {
			isa = XCConfigurationList;
			buildConfigurations = (
				18C8CE6C1FDF74AE009E2895 /* Debug */,
				18C8CE6D1FDF74AE009E2895 /* Release */,
			);
			defaultConfigurationIsVisible = 0;
			defaultConfigurationName = Release;
		};
/* End XCConfigurationList section */
	};
	rootObject = 18C8CE431FDF74AD009E2895 /* Project object */;
}
